
Microsoft Visual Studio Solution File, Format Version 12.00
# Visual Studio Version 17
VisualStudioVersion = 17.13.35919.96 d17.13
MinimumVisualStudioVersion = 10.0.40219.1
Project("{FAE04EC0-301F-11D3-BF4B-00C04F79EFBC}") = "ConsoleApp21", "ConsoleApp21\ConsoleApp21.csproj", "{4E84633D-F1D7-4A17-83D2-52057BB5D1DD}"
EndProject
Global
	GlobalSection(SolutionConfigurationPlatforms) = preSolution
		Debug|Any CPU = Debug|Any CPU
		Release|Any CPU = Release|Any CPU
	EndGlobalSection
	GlobalSection(ProjectConfigurationPlatforms) = postSolution
		{4E84633D-F1D7-4A17-83D2-52057BB5D1DD}.Debug|Any CPU.ActiveCfg = Debug|Any CPU
		{4E84633D-F1D7-4A17-83D2-52057BB5D1DD}.Debug|Any CPU.Build.0 = Debug|Any CPU
		{4E84633D-F1D7-4A17-83D2-52057BB5D1DD}.Release|Any CPU.ActiveCfg = Release|Any CPU
		{4E84633D-F1D7-4A17-83D2-52057BB5D1DD}.Release|Any CPU.Build.0 = Release|Any CPU
	EndGlobalSection
	GlobalSection(SolutionProperties) = preSolution
		HideSolutionNode = FALSE
	EndGlobalSection
	GlobalSection(ExtensibilityGlobals) = postSolution
		SolutionGuid = {0015541F-CCA2-429C-86F8-07311E493991}
	EndGlobalSection
EndGlobal
