
Microsoft Visual Studio Solution File, Format Version 12.00
# Visual Studio Version 17
VisualStudioVersion = 17.13.35919.96 d17.13
MinimumVisualStudioVersion = 10.0.40219.1
Project("{FAE04EC0-301F-11D3-BF4B-00C04F79EFBC}") = "15prackt", "15prackt\15prackt.csproj", "{08A8B614-A51B-4082-AD11-8003B015FD0B}"
EndProject
Global
	GlobalSection(SolutionConfigurationPlatforms) = preSolution
		Debug|Any CPU = Debug|Any CPU
		Release|Any CPU = Release|Any CPU
	EndGlobalSection
	GlobalSection(ProjectConfigurationPlatforms) = postSolution
		{08A8B614-A51B-4082-AD11-8003B015FD0B}.Debug|Any CPU.ActiveCfg = Debug|Any CPU
		{08A8B614-A51B-4082-AD11-8003B015FD0B}.Debug|Any CPU.Build.0 = Debug|Any CPU
		{08A8B614-A51B-4082-AD11-8003B015FD0B}.Release|Any CPU.ActiveCfg = Release|Any CPU
		{08A8B614-A51B-4082-AD11-8003B015FD0B}.Release|Any CPU.Build.0 = Release|Any CPU
	EndGlobalSection
	GlobalSection(SolutionProperties) = preSolution
		HideSolutionNode = FALSE
	EndGlobalSection
	GlobalSection(ExtensibilityGlobals) = postSolution
		SolutionGuid = {7B88D474-AC33-44B6-BE21-35B1D3F4A01E}
	EndGlobalSection
EndGlobal
